// !$*UTF8*$!
{
	archiveVersion = 1;
	classes = {
	};
	objectVersion = 56;
	objects = {

/* Begin PBXBuildFile section */
		30C358F2099F948EFD15E07D /* Pods_Food_delivery_app.framework in Frameworks */ = {isa = PBXBuildFile; fileRef = 90547262CA91D58CC5C7B2DC /* Pods_Food_delivery_app.framework */; };
		8450B0E82A261D3800273956 /* AppDelegate.swift in Sources */ = {isa = PBXBuildFile; fileRef = 8450B0E72A261D3800273956 /* AppDelegate.swift */; };
		8450B0EA2A261D3800273956 /* SceneDelegate.swift in Sources */ = {isa = PBXBuildFile; fileRef = 8450B0E92A261D3800273956 /* SceneDelegate.swift */; };
		8450B0EC2A261D3800273956 /* LoginViewController.swift in Sources */ = {isa = PBXBuildFile; fileRef = 8450B0EB2A261D3800273956 /* LoginViewController.swift */; };
		8450B0F12A261D3900273956 /* Assets.xcassets in Resources */ = {isa = PBXBuildFile; fileRef = 8450B0F02A261D3900273956 /* Assets.xcassets */; };
		8450B0F42A261D3900273956 /* LaunchScreen.storyboard in Resources */ = {isa = PBXBuildFile; fileRef = 8450B0F22A261D3900273956 /* LaunchScreen.storyboard */; };
		8450B0FE2A261DA700273956 /* CoordinatorProtocol.swift in Sources */ = {isa = PBXBuildFile; fileRef = 8450B0FD2A261DA700273956 /* CoordinatorProtocol.swift */; };
		8450B1002A261DBF00273956 /* AppCoordinator.swift in Sources */ = {isa = PBXBuildFile; fileRef = 8450B0FF2A261DBF00273956 /* AppCoordinator.swift */; };
		8450B1032A261E5B00273956 /* CoordinatorFactory.swift in Sources */ = {isa = PBXBuildFile; fileRef = 8450B1022A261E5B00273956 /* CoordinatorFactory.swift */; };
		8450B1052A261FA900273956 /* AuthCoordinator.swift in Sources */ = {isa = PBXBuildFile; fileRef = 8450B1042A261FA900273956 /* AuthCoordinator.swift */; };
		8450B10C2A2620B000273956 /* LoginViewModel.swift in Sources */ = {isa = PBXBuildFile; fileRef = 8450B10B2A2620B000273956 /* LoginViewModel.swift */; };
		8452AEEF2A266B9900BCC43B /* ComponentFactory.swift in Sources */ = {isa = PBXBuildFile; fileRef = 8452AEEE2A266B9900BCC43B /* ComponentFactory.swift */; };
		8452AEF12A266BB400BCC43B /* MainComponent.swift in Sources */ = {isa = PBXBuildFile; fileRef = 8452AEF02A266BB400BCC43B /* MainComponent.swift */; };
		8452AEF42A266C0100BCC43B /* LoginComponent.swift in Sources */ = {isa = PBXBuildFile; fileRef = 8452AEF32A266C0100BCC43B /* LoginComponent.swift */; };
		8452AEF62A266C8B00BCC43B /* NeedleGenerated.swift in Sources */ = {isa = PBXBuildFile; fileRef = 8452AEF52A266C8B00BCC43B /* NeedleGenerated.swift */; };
		F3AF7F152A2B163F00DBAD36 /* RegisterComponent.swift in Sources */ = {isa = PBXBuildFile; fileRef = F3AF7F142A2B163F00DBAD36 /* RegisterComponent.swift */; };
		F3AF7F172A2B16C100DBAD36 /* RegisterViewModel.swift in Sources */ = {isa = PBXBuildFile; fileRef = F3AF7F162A2B16C100DBAD36 /* RegisterViewModel.swift */; };
		F3AF7F192A2B171800DBAD36 /* RegisterViewController.swift in Sources */ = {isa = PBXBuildFile; fileRef = F3AF7F182A2B171800DBAD36 /* RegisterViewController.swift */; };
		F3AF7F1D2A2B191500DBAD36 /* RegisterView.swift in Sources */ = {isa = PBXBuildFile; fileRef = F3AF7F1C2A2B191500DBAD36 /* RegisterView.swift */; };
		F3AF7F212A2B1E9700DBAD36 /* RedHatDisplay-Black.ttf in Resources */ = {isa = PBXBuildFile; fileRef = F3AF7F202A2B1E9700DBAD36 /* RedHatDisplay-Black.ttf */; };
		F3AF7F232A2B1EF400DBAD36 /* RedHatDisplay-Medium.ttf in Resources */ = {isa = PBXBuildFile; fileRef = F3AF7F222A2B1EF400DBAD36 /* RedHatDisplay-Medium.ttf */; };
		F3AF7F272A2B1F1D00DBAD36 /* Raleway-Regular.ttf in Resources */ = {isa = PBXBuildFile; fileRef = F3AF7F262A2B1F1D00DBAD36 /* Raleway-Regular.ttf */; };
		F3AF7F292A2B1F2400DBAD36 /* Raleway-Bold.ttf in Resources */ = {isa = PBXBuildFile; fileRef = F3AF7F282A2B1F2400DBAD36 /* Raleway-Bold.ttf */; };
		F3AF7F302A2C555E00DBAD36 /* CustomUITextField.swift in Sources */ = {isa = PBXBuildFile; fileRef = F3AF7F2F2A2C555E00DBAD36 /* CustomUITextField.swift */; };
		F3AF7F322A2C6D8100DBAD36 /* UIViewControllerExtension.swift in Sources */ = {isa = PBXBuildFile; fileRef = F3AF7F312A2C6D8100DBAD36 /* UIViewControllerExtension.swift */; };
		F3AF7F3D2A2C7B4400DBAD36 /* RegisterScreen.strings in Resources */ = {isa = PBXBuildFile; fileRef = F3AF7F3F2A2C7B4400DBAD36 /* RegisterScreen.strings */; };
		F3AF7F4D2A2C822B00DBAD36 /* R.generated.swift in Sources */ = {isa = PBXBuildFile; fileRef = F3AF7F4C2A2C822B00DBAD36 /* R.generated.swift */; };
/* End PBXBuildFile section */

/* Begin PBXFileReference section */
		2916D94060C792408DA7053A /* Pods-Food-delivery-app.release.xcconfig */ = {isa = PBXFileReference; includeInIndex = 1; lastKnownFileType = text.xcconfig; name = "Pods-Food-delivery-app.release.xcconfig"; path = "Target Support Files/Pods-Food-delivery-app/Pods-Food-delivery-app.release.xcconfig"; sourceTree = "<group>"; };
		8450B0E42A261D3800273956 /* Food-delivery-app.app */ = {isa = PBXFileReference; explicitFileType = wrapper.application; includeInIndex = 0; path = "Food-delivery-app.app"; sourceTree = BUILT_PRODUCTS_DIR; };
		8450B0E72A261D3800273956 /* AppDelegate.swift */ = {isa = PBXFileReference; lastKnownFileType = sourcecode.swift; path = AppDelegate.swift; sourceTree = "<group>"; };
		8450B0E92A261D3800273956 /* SceneDelegate.swift */ = {isa = PBXFileReference; lastKnownFileType = sourcecode.swift; path = SceneDelegate.swift; sourceTree = "<group>"; };
		8450B0EB2A261D3800273956 /* LoginViewController.swift */ = {isa = PBXFileReference; lastKnownFileType = sourcecode.swift; path = LoginViewController.swift; sourceTree = "<group>"; };
		8450B0F02A261D3900273956 /* Assets.xcassets */ = {isa = PBXFileReference; lastKnownFileType = folder.assetcatalog; path = Assets.xcassets; sourceTree = "<group>"; };
		8450B0F32A261D3900273956 /* Base */ = {isa = PBXFileReference; lastKnownFileType = file.storyboard; name = Base; path = Base.lproj/LaunchScreen.storyboard; sourceTree = "<group>"; };
		8450B0F52A261D3900273956 /* Info.plist */ = {isa = PBXFileReference; lastKnownFileType = text.plist.xml; path = Info.plist; sourceTree = "<group>"; };
		8450B0FD2A261DA700273956 /* CoordinatorProtocol.swift */ = {isa = PBXFileReference; lastKnownFileType = sourcecode.swift; path = CoordinatorProtocol.swift; sourceTree = "<group>"; };
		8450B0FF2A261DBF00273956 /* AppCoordinator.swift */ = {isa = PBXFileReference; lastKnownFileType = sourcecode.swift; path = AppCoordinator.swift; sourceTree = "<group>"; };
		8450B1022A261E5B00273956 /* CoordinatorFactory.swift */ = {isa = PBXFileReference; lastKnownFileType = sourcecode.swift; path = CoordinatorFactory.swift; sourceTree = "<group>"; };
		8450B1042A261FA900273956 /* AuthCoordinator.swift */ = {isa = PBXFileReference; lastKnownFileType = sourcecode.swift; path = AuthCoordinator.swift; sourceTree = "<group>"; };
		8450B10B2A2620B000273956 /* LoginViewModel.swift */ = {isa = PBXFileReference; lastKnownFileType = sourcecode.swift; path = LoginViewModel.swift; sourceTree = "<group>"; };
		8452AEEE2A266B9900BCC43B /* ComponentFactory.swift */ = {isa = PBXFileReference; lastKnownFileType = sourcecode.swift; path = ComponentFactory.swift; sourceTree = "<group>"; };
		8452AEF02A266BB400BCC43B /* MainComponent.swift */ = {isa = PBXFileReference; lastKnownFileType = sourcecode.swift; path = MainComponent.swift; sourceTree = "<group>"; };
		8452AEF32A266C0100BCC43B /* LoginComponent.swift */ = {isa = PBXFileReference; lastKnownFileType = sourcecode.swift; path = LoginComponent.swift; sourceTree = "<group>"; };
		8452AEF52A266C8B00BCC43B /* NeedleGenerated.swift */ = {isa = PBXFileReference; fileEncoding = 4; lastKnownFileType = sourcecode.swift; path = NeedleGenerated.swift; sourceTree = "<group>"; };
		90547262CA91D58CC5C7B2DC /* Pods_Food_delivery_app.framework */ = {isa = PBXFileReference; explicitFileType = wrapper.framework; includeInIndex = 0; path = Pods_Food_delivery_app.framework; sourceTree = BUILT_PRODUCTS_DIR; };
		D20131A7CFB6268DD0D74159 /* Pods-Food-delivery-app.debug.xcconfig */ = {isa = PBXFileReference; includeInIndex = 1; lastKnownFileType = text.xcconfig; name = "Pods-Food-delivery-app.debug.xcconfig"; path = "Target Support Files/Pods-Food-delivery-app/Pods-Food-delivery-app.debug.xcconfig"; sourceTree = "<group>"; };
		F3AF7F142A2B163F00DBAD36 /* RegisterComponent.swift */ = {isa = PBXFileReference; lastKnownFileType = sourcecode.swift; path = RegisterComponent.swift; sourceTree = "<group>"; };
		F3AF7F162A2B16C100DBAD36 /* RegisterViewModel.swift */ = {isa = PBXFileReference; lastKnownFileType = sourcecode.swift; path = RegisterViewModel.swift; sourceTree = "<group>"; };
		F3AF7F182A2B171800DBAD36 /* RegisterViewController.swift */ = {isa = PBXFileReference; lastKnownFileType = sourcecode.swift; path = RegisterViewController.swift; sourceTree = "<group>"; };
		F3AF7F1C2A2B191500DBAD36 /* RegisterView.swift */ = {isa = PBXFileReference; lastKnownFileType = sourcecode.swift; path = RegisterView.swift; sourceTree = "<group>"; };
		F3AF7F202A2B1E9700DBAD36 /* RedHatDisplay-Black.ttf */ = {isa = PBXFileReference; lastKnownFileType = file; path = "RedHatDisplay-Black.ttf"; sourceTree = "<group>"; };
		F3AF7F222A2B1EF400DBAD36 /* RedHatDisplay-Medium.ttf */ = {isa = PBXFileReference; lastKnownFileType = file; path = "RedHatDisplay-Medium.ttf"; sourceTree = "<group>"; };
		F3AF7F262A2B1F1D00DBAD36 /* Raleway-Regular.ttf */ = {isa = PBXFileReference; lastKnownFileType = file; path = "Raleway-Regular.ttf"; sourceTree = "<group>"; };
		F3AF7F282A2B1F2400DBAD36 /* Raleway-Bold.ttf */ = {isa = PBXFileReference; lastKnownFileType = file; path = "Raleway-Bold.ttf"; sourceTree = "<group>"; };
		F3AF7F2F2A2C555E00DBAD36 /* CustomUITextField.swift */ = {isa = PBXFileReference; lastKnownFileType = sourcecode.swift; path = CustomUITextField.swift; sourceTree = "<group>"; };
		F3AF7F312A2C6D8100DBAD36 /* UIViewControllerExtension.swift */ = {isa = PBXFileReference; lastKnownFileType = sourcecode.swift; path = UIViewControllerExtension.swift; sourceTree = "<group>"; };
		F3AF7F3E2A2C7B4400DBAD36 /* en */ = {isa = PBXFileReference; lastKnownFileType = text.plist.strings; name = en; path = en.lproj/RegisterScreen.strings; sourceTree = "<group>"; };
		F3AF7F432A2C7E6600DBAD36 /* ru */ = {isa = PBXFileReference; lastKnownFileType = text.plist.strings; name = ru; path = ru.lproj/RegisterScreen.strings; sourceTree = "<group>"; };
		F3AF7F4C2A2C822B00DBAD36 /* R.generated.swift */ = {isa = PBXFileReference; fileEncoding = 4; lastKnownFileType = sourcecode.swift; path = R.generated.swift; sourceTree = SOURCE_ROOT; };
/* End PBXFileReference section */

/* Begin PBXFrameworksBuildPhase section */
		8450B0E12A261D3800273956 /* Frameworks */ = {
			isa = PBXFrameworksBuildPhase;
			buildActionMask = 2147483647;
			files = (
				30C358F2099F948EFD15E07D /* Pods_Food_delivery_app.framework in Frameworks */,
			);
			runOnlyForDeploymentPostprocessing = 0;
		};
/* End PBXFrameworksBuildPhase section */

/* Begin PBXGroup section */
		8450B0DB2A261D3800273956 = {
			isa = PBXGroup;
			children = (
				8450B0E62A261D3800273956 /* Food-delivery-app */,
				8450B0E52A261D3800273956 /* Products */,
				FE5A7094C33A10F323FFBBE2 /* Pods */,
				EB24E7CE34D37F7C2243D940 /* Frameworks */,
			);
			sourceTree = "<group>";
		};
		8450B0E52A261D3800273956 /* Products */ = {
			isa = PBXGroup;
			children = (
				8450B0E42A261D3800273956 /* Food-delivery-app.app */,
			);
			name = Products;
			sourceTree = "<group>";
		};
		8450B0E62A261D3800273956 /* Food-delivery-app */ = {
			isa = PBXGroup;
			children = (
				F3AF7F4C2A2C822B00DBAD36 /* R.generated.swift */,
				8450B1062A261FCC00273956 /* Presentation */,
				8450B1012A261E4C00273956 /* Factories */,
				8450B0FB2A261D8E00273956 /* Coordinator */,
				F3AF7F1E2A2B1E1E00DBAD36 /* Resources */,
				8450B0E72A261D3800273956 /* AppDelegate.swift */,
				8450B0E92A261D3800273956 /* SceneDelegate.swift */,
				8450B0F02A261D3900273956 /* Assets.xcassets */,
				8450B0F22A261D3900273956 /* LaunchScreen.storyboard */,
				8450B0F52A261D3900273956 /* Info.plist */,
				8452AEF02A266BB400BCC43B /* MainComponent.swift */,
				8452AEF52A266C8B00BCC43B /* NeedleGenerated.swift */,
			);
			path = "Food-delivery-app";
			sourceTree = "<group>";
		};
		8450B0FB2A261D8E00273956 /* Coordinator */ = {
			isa = PBXGroup;
			children = (
				8450B0FC2A261D9600273956 /* Protocols */,
				8450B0FF2A261DBF00273956 /* AppCoordinator.swift */,
				8450B1042A261FA900273956 /* AuthCoordinator.swift */,
			);
			path = Coordinator;
			sourceTree = "<group>";
		};
		8450B0FC2A261D9600273956 /* Protocols */ = {
			isa = PBXGroup;
			children = (
				8450B0FD2A261DA700273956 /* CoordinatorProtocol.swift */,
			);
			path = Protocols;
			sourceTree = "<group>";
		};
		8450B1012A261E4C00273956 /* Factories */ = {
			isa = PBXGroup;
			children = (
				8450B1022A261E5B00273956 /* CoordinatorFactory.swift */,
				8452AEEE2A266B9900BCC43B /* ComponentFactory.swift */,
			);
			path = Factories;
			sourceTree = "<group>";
		};
		8450B1062A261FCC00273956 /* Presentation */ = {
			isa = PBXGroup;
			children = (
				F3AF7F0F2A2B156600DBAD36 /* RegisterScreen */,
				8450B1082A261FE100273956 /* LoginScreen */,
				F3AF7F2A2A2B21DA00DBAD36 /* ViewExtension */,
			);
			path = Presentation;
			sourceTree = "<group>";
		};
		8450B1082A261FE100273956 /* LoginScreen */ = {
			isa = PBXGroup;
			children = (
				8452AEF22A266BF800BCC43B /* Component */,
				8450B10A2A2620A500273956 /* ViewModel */,
				8450B1092A261FF200273956 /* ViewController */,
			);
			path = LoginScreen;
			sourceTree = "<group>";
		};
		8450B1092A261FF200273956 /* ViewController */ = {
			isa = PBXGroup;
			children = (
				8450B0EB2A261D3800273956 /* LoginViewController.swift */,
			);
			path = ViewController;
			sourceTree = "<group>";
		};
		8450B10A2A2620A500273956 /* ViewModel */ = {
			isa = PBXGroup;
			children = (
				8450B10B2A2620B000273956 /* LoginViewModel.swift */,
			);
			path = ViewModel;
			sourceTree = "<group>";
		};
		8452AEF22A266BF800BCC43B /* Component */ = {
			isa = PBXGroup;
			children = (
				8452AEF32A266C0100BCC43B /* LoginComponent.swift */,
			);
			path = Component;
			sourceTree = "<group>";
		};
		EB24E7CE34D37F7C2243D940 /* Frameworks */ = {
			isa = PBXGroup;
			children = (
				90547262CA91D58CC5C7B2DC /* Pods_Food_delivery_app.framework */,
			);
			name = Frameworks;
			sourceTree = "<group>";
		};
		F3AF7F0F2A2B156600DBAD36 /* RegisterScreen */ = {
			isa = PBXGroup;
			children = (
				F3AF7F132A2B15DB00DBAD36 /* Component */,
				F3AF7F122A2B15D700DBAD36 /* ViewModel */,
				F3AF7F112A2B15D000DBAD36 /* ViewController */,
				F3AF7F1B2A2B190000DBAD36 /* View */,
			);
			path = RegisterScreen;
			sourceTree = "<group>";
		};
		F3AF7F112A2B15D000DBAD36 /* ViewController */ = {
			isa = PBXGroup;
			children = (
				F3AF7F182A2B171800DBAD36 /* RegisterViewController.swift */,
			);
			path = ViewController;
			sourceTree = "<group>";
		};
		F3AF7F122A2B15D700DBAD36 /* ViewModel */ = {
			isa = PBXGroup;
			children = (
				F3AF7F162A2B16C100DBAD36 /* RegisterViewModel.swift */,
			);
			path = ViewModel;
			sourceTree = "<group>";
		};
		F3AF7F132A2B15DB00DBAD36 /* Component */ = {
			isa = PBXGroup;
			children = (
				F3AF7F142A2B163F00DBAD36 /* RegisterComponent.swift */,
			);
			path = Component;
			sourceTree = "<group>";
		};
		F3AF7F1B2A2B190000DBAD36 /* View */ = {
			isa = PBXGroup;
			children = (
				F3AF7F1C2A2B191500DBAD36 /* RegisterView.swift */,
				F3AF7F2F2A2C555E00DBAD36 /* CustomUITextField.swift */,
			);
			path = View;
			sourceTree = "<group>";
		};
		F3AF7F1E2A2B1E1E00DBAD36 /* Resources */ = {
			isa = PBXGroup;
			children = (
				F3AF7F332A2C777E00DBAD36 /* Localization */,
				F3AF7F1F2A2B1E2A00DBAD36 /* Fonts */,
			);
			path = Resources;
			sourceTree = "<group>";
		};
		F3AF7F1F2A2B1E2A00DBAD36 /* Fonts */ = {
			isa = PBXGroup;
			children = (
				F3AF7F282A2B1F2400DBAD36 /* Raleway-Bold.ttf */,
				F3AF7F262A2B1F1D00DBAD36 /* Raleway-Regular.ttf */,
				F3AF7F222A2B1EF400DBAD36 /* RedHatDisplay-Medium.ttf */,
				F3AF7F202A2B1E9700DBAD36 /* RedHatDisplay-Black.ttf */,
			);
			path = Fonts;
			sourceTree = "<group>";
		};
		F3AF7F2A2A2B21DA00DBAD36 /* ViewExtension */ = {
			isa = PBXGroup;
			children = (
				F3AF7F312A2C6D8100DBAD36 /* UIViewControllerExtension.swift */,
			);
			path = ViewExtension;
			sourceTree = "<group>";
		};
		F3AF7F332A2C777E00DBAD36 /* Localization */ = {
			isa = PBXGroup;
			children = (
				F3AF7F342A2C779A00DBAD36 /* RegisterScreen */,
			);
			path = Localization;
			sourceTree = "<group>";
		};
		F3AF7F342A2C779A00DBAD36 /* RegisterScreen */ = {
			isa = PBXGroup;
			children = (
				F3AF7F3F2A2C7B4400DBAD36 /* RegisterScreen.strings */,
			);
			path = RegisterScreen;
			sourceTree = "<group>";
		};
		FE5A7094C33A10F323FFBBE2 /* Pods */ = {
			isa = PBXGroup;
			children = (
				D20131A7CFB6268DD0D74159 /* Pods-Food-delivery-app.debug.xcconfig */,
				2916D94060C792408DA7053A /* Pods-Food-delivery-app.release.xcconfig */,
			);
			path = Pods;
			sourceTree = "<group>";
		};
/* End PBXGroup section */

/* Begin PBXNativeTarget section */
		8450B0E32A261D3800273956 /* Food-delivery-app */ = {
			isa = PBXNativeTarget;
			buildConfigurationList = 8450B0F82A261D3900273956 /* Build configuration list for PBXNativeTarget "Food-delivery-app" */;
			buildPhases = (
				914970DFBB39B111B7F811DB /* [CP] Check Pods Manifest.lock */,
				F3AF7F492A2C814900DBAD36 /* Run Script */,
				84D5A7B62A26698F00DC8551 /* Needle */,
				8450B0E02A261D3800273956 /* Sources */,
				8450B0E12A261D3800273956 /* Frameworks */,
				8450B0E22A261D3800273956 /* Resources */,
				9A0F940C64D73817E8BF701D /* [CP] Embed Pods Frameworks */,
			);
			buildRules = (
			);
			dependencies = (
			);
			name = "Food-delivery-app";
			productName = "Food-delivery-app";
			productReference = 8450B0E42A261D3800273956 /* Food-delivery-app.app */;
			productType = "com.apple.product-type.application";
		};
/* End PBXNativeTarget section */

/* Begin PBXProject section */
		8450B0DC2A261D3800273956 /* Project object */ = {
			isa = PBXProject;
			attributes = {
				BuildIndependentTargetsInParallel = 1;
				LastSwiftUpdateCheck = 1420;
				LastUpgradeCheck = 1420;
				TargetAttributes = {
					8450B0E32A261D3800273956 = {
						CreatedOnToolsVersion = 14.2;
					};
				};
			};
			buildConfigurationList = 8450B0DF2A261D3800273956 /* Build configuration list for PBXProject "Food-delivery-app" */;
			compatibilityVersion = "Xcode 14.0";
			developmentRegion = en;
			hasScannedForEncodings = 0;
			knownRegions = (
				en,
				Base,
				ru,
			);
			mainGroup = 8450B0DB2A261D3800273956;
			productRefGroup = 8450B0E52A261D3800273956 /* Products */;
			projectDirPath = "";
			projectRoot = "";
			targets = (
				8450B0E32A261D3800273956 /* Food-delivery-app */,
			);
		};
/* End PBXProject section */

/* Begin PBXResourcesBuildPhase section */
		8450B0E22A261D3800273956 /* Resources */ = {
			isa = PBXResourcesBuildPhase;
			buildActionMask = 2147483647;
			files = (
				F3AF7F232A2B1EF400DBAD36 /* RedHatDisplay-Medium.ttf in Resources */,
				F3AF7F292A2B1F2400DBAD36 /* Raleway-Bold.ttf in Resources */,
				F3AF7F272A2B1F1D00DBAD36 /* Raleway-Regular.ttf in Resources */,
				F3AF7F212A2B1E9700DBAD36 /* RedHatDisplay-Black.ttf in Resources */,
				8450B0F42A261D3900273956 /* LaunchScreen.storyboard in Resources */,
				F3AF7F3D2A2C7B4400DBAD36 /* RegisterScreen.strings in Resources */,
				8450B0F12A261D3900273956 /* Assets.xcassets in Resources */,
			);
			runOnlyForDeploymentPostprocessing = 0;
		};
/* End PBXResourcesBuildPhase section */

/* Begin PBXShellScriptBuildPhase section */
		84D5A7B62A26698F00DC8551 /* Needle */ = {
			isa = PBXShellScriptBuildPhase;
			alwaysOutOfDate = 1;
			buildActionMask = 2147483647;
			files = (
			);
			inputFileListPaths = (
			);
			inputPaths = (
			);
			name = Needle;
			outputFileListPaths = (
			);
			outputPaths = (
			);
			runOnlyForDeploymentPostprocessing = 0;
			shellPath = /bin/sh;
			shellScript = "export PATH=\"$PATH:/opt/homebrew/bin\"\n\nif which needle; then\n    SOURCEKIT_LOGGING=0 && needle generate Food-delivery-app/NeedleGenerated.swift Food-delivery-app/\nelse\n  echo \"warning: Needle not installed, download from https://github.com/uber/needle using Homebrew\"\nfi\n\n";
		};
		914970DFBB39B111B7F811DB /* [CP] Check Pods Manifest.lock */ = {
			isa = PBXShellScriptBuildPhase;
			buildActionMask = 2147483647;
			files = (
			);
			inputFileListPaths = (
			);
			inputPaths = (
				"${PODS_PODFILE_DIR_PATH}/Podfile.lock",
				"${PODS_ROOT}/Manifest.lock",
			);
			name = "[CP] Check Pods Manifest.lock";
			outputFileListPaths = (
			);
			outputPaths = (
				"$(DERIVED_FILE_DIR)/Pods-Food-delivery-app-checkManifestLockResult.txt",
			);
			runOnlyForDeploymentPostprocessing = 0;
			shellPath = /bin/sh;
			shellScript = "diff \"${PODS_PODFILE_DIR_PATH}/Podfile.lock\" \"${PODS_ROOT}/Manifest.lock\" > /dev/null\nif [ $? != 0 ] ; then\n    # print error to STDERR\n    echo \"error: The sandbox is not in sync with the Podfile.lock. Run 'pod install' or update your CocoaPods installation.\" >&2\n    exit 1\nfi\n# This output is used by Xcode 'outputs' to avoid re-running this script phase.\necho \"SUCCESS\" > \"${SCRIPT_OUTPUT_FILE_0}\"\n";
			showEnvVarsInLog = 0;
		};
		9A0F940C64D73817E8BF701D /* [CP] Embed Pods Frameworks */ = {
			isa = PBXShellScriptBuildPhase;
			buildActionMask = 2147483647;
			files = (
			);
			inputFileListPaths = (
				"${PODS_ROOT}/Target Support Files/Pods-Food-delivery-app/Pods-Food-delivery-app-frameworks-${CONFIGURATION}-input-files.xcfilelist",
			);
			name = "[CP] Embed Pods Frameworks";
			outputFileListPaths = (
				"${PODS_ROOT}/Target Support Files/Pods-Food-delivery-app/Pods-Food-delivery-app-frameworks-${CONFIGURATION}-output-files.xcfilelist",
			);
			runOnlyForDeploymentPostprocessing = 0;
			shellPath = /bin/sh;
			shellScript = "\"${PODS_ROOT}/Target Support Files/Pods-Food-delivery-app/Pods-Food-delivery-app-frameworks.sh\"\n";
			showEnvVarsInLog = 0;
		};
		F3AF7F492A2C814900DBAD36 /* Run Script */ = {
			isa = PBXShellScriptBuildPhase;
			alwaysOutOfDate = 1;
			buildActionMask = 2147483647;
			files = (
			);
			inputFileListPaths = (
			);
			inputPaths = (
			);
			name = "Run Script";
			outputFileListPaths = (
			);
			outputPaths = (
				$SRCROOT/R.generated.swift,
			);
			runOnlyForDeploymentPostprocessing = 0;
			shellPath = /bin/sh;
			shellScript = "# Type a script or drag a script file from your workspace to insert its path.\n\"$PODS_ROOT/R.swift/rswift\" generate \"$SRCROOT/R.generated.swift\"\n";
		};
/* End PBXShellScriptBuildPhase section */

/* Begin PBXSourcesBuildPhase section */
		8450B0E02A261D3800273956 /* Sources */ = {
			isa = PBXSourcesBuildPhase;
			buildActionMask = 2147483647;
			files = (
				8450B0EC2A261D3800273956 /* LoginViewController.swift in Sources */,
				8450B0E82A261D3800273956 /* AppDelegate.swift in Sources */,
				8450B1002A261DBF00273956 /* AppCoordinator.swift in Sources */,
				8450B1032A261E5B00273956 /* CoordinatorFactory.swift in Sources */,
				F3AF7F302A2C555E00DBAD36 /* CustomUITextField.swift in Sources */,
				8450B10C2A2620B000273956 /* LoginViewModel.swift in Sources */,
				F3AF7F4D2A2C822B00DBAD36 /* R.generated.swift in Sources */,
				8452AEF42A266C0100BCC43B /* LoginComponent.swift in Sources */,
				8450B1052A261FA900273956 /* AuthCoordinator.swift in Sources */,
				8450B0FE2A261DA700273956 /* CoordinatorProtocol.swift in Sources */,
				8452AEF62A266C8B00BCC43B /* NeedleGenerated.swift in Sources */,
				F3AF7F192A2B171800DBAD36 /* RegisterViewController.swift in Sources */,
				F3AF7F172A2B16C100DBAD36 /* RegisterViewModel.swift in Sources */,
				8452AEEF2A266B9900BCC43B /* ComponentFactory.swift in Sources */,
				8452AEF12A266BB400BCC43B /* MainComponent.swift in Sources */,
				F3AF7F1D2A2B191500DBAD36 /* RegisterView.swift in Sources */,
				F3AF7F322A2C6D8100DBAD36 /* UIViewControllerExtension.swift in Sources */,
				F3AF7F152A2B163F00DBAD36 /* RegisterComponent.swift in Sources */,
				8450B0EA2A261D3800273956 /* SceneDelegate.swift in Sources */,
			);
			runOnlyForDeploymentPostprocessing = 0;
		};
/* End PBXSourcesBuildPhase section */

/* Begin PBXVariantGroup section */
		8450B0F22A261D3900273956 /* LaunchScreen.storyboard */ = {
			isa = PBXVariantGroup;
			children = (
				8450B0F32A261D3900273956 /* Base */,
			);
			name = LaunchScreen.storyboard;
			sourceTree = "<group>";
		};
		F3AF7F3F2A2C7B4400DBAD36 /* RegisterScreen.strings */ = {
			isa = PBXVariantGroup;
			children = (
				F3AF7F3E2A2C7B4400DBAD36 /* en */,
				F3AF7F432A2C7E6600DBAD36 /* ru */,
			);
			name = RegisterScreen.strings;
			sourceTree = "<group>";
		};
/* End PBXVariantGroup section */

/* Begin XCBuildConfiguration section */
		8450B0F62A261D3900273956 /* Debug */ = {
			isa = XCBuildConfiguration;
			buildSettings = {
				ALWAYS_SEARCH_USER_PATHS = NO;
				CLANG_ANALYZER_LOCALIZABILITY_NONLOCALIZED = YES;
				CLANG_ANALYZER_NONNULL = YES;
				CLANG_ANALYZER_NUMBER_OBJECT_CONVERSION = YES_AGGRESSIVE;
				CLANG_CXX_LANGUAGE_STANDARD = "gnu++20";
				CLANG_ENABLE_MODULES = YES;
				CLANG_ENABLE_OBJC_ARC = YES;
				CLANG_ENABLE_OBJC_WEAK = YES;
				CLANG_WARN_BLOCK_CAPTURE_AUTORELEASING = YES;
				CLANG_WARN_BOOL_CONVERSION = YES;
				CLANG_WARN_COMMA = YES;
				CLANG_WARN_CONSTANT_CONVERSION = YES;
				CLANG_WARN_DEPRECATED_OBJC_IMPLEMENTATIONS = YES;
				CLANG_WARN_DIRECT_OBJC_ISA_USAGE = YES_ERROR;
				CLANG_WARN_DOCUMENTATION_COMMENTS = YES;
				CLANG_WARN_EMPTY_BODY = YES;
				CLANG_WARN_ENUM_CONVERSION = YES;
				CLANG_WARN_INFINITE_RECURSION = YES;
				CLANG_WARN_INT_CONVERSION = YES;
				CLANG_WARN_NON_LITERAL_NULL_CONVERSION = YES;
				CLANG_WARN_OBJC_IMPLICIT_RETAIN_SELF = YES;
				CLANG_WARN_OBJC_LITERAL_CONVERSION = YES;
				CLANG_WARN_OBJC_ROOT_CLASS = YES_ERROR;
				CLANG_WARN_QUOTED_INCLUDE_IN_FRAMEWORK_HEADER = YES;
				CLANG_WARN_RANGE_LOOP_ANALYSIS = YES;
				CLANG_WARN_STRICT_PROTOTYPES = YES;
				CLANG_WARN_SUSPICIOUS_MOVE = YES;
				CLANG_WARN_UNGUARDED_AVAILABILITY = YES_AGGRESSIVE;
				CLANG_WARN_UNREACHABLE_CODE = YES;
				CLANG_WARN__DUPLICATE_METHOD_MATCH = YES;
				COPY_PHASE_STRIP = NO;
				DEBUG_INFORMATION_FORMAT = dwarf;
				ENABLE_STRICT_OBJC_MSGSEND = YES;
				ENABLE_TESTABILITY = YES;
				GCC_C_LANGUAGE_STANDARD = gnu11;
				GCC_DYNAMIC_NO_PIC = NO;
				GCC_NO_COMMON_BLOCKS = YES;
				GCC_OPTIMIZATION_LEVEL = 0;
				GCC_PREPROCESSOR_DEFINITIONS = (
					"DEBUG=1",
					"$(inherited)",
				);
				GCC_WARN_64_TO_32_BIT_CONVERSION = YES;
				GCC_WARN_ABOUT_RETURN_TYPE = YES_ERROR;
				GCC_WARN_UNDECLARED_SELECTOR = YES;
				GCC_WARN_UNINITIALIZED_AUTOS = YES_AGGRESSIVE;
				GCC_WARN_UNUSED_FUNCTION = YES;
				GCC_WARN_UNUSED_VARIABLE = YES;
				IPHONEOS_DEPLOYMENT_TARGET = 16.2;
				MTL_ENABLE_DEBUG_INFO = INCLUDE_SOURCE;
				MTL_FAST_MATH = YES;
				ONLY_ACTIVE_ARCH = YES;
				SDKROOT = iphoneos;
				SWIFT_ACTIVE_COMPILATION_CONDITIONS = DEBUG;
				SWIFT_OPTIMIZATION_LEVEL = "-Onone";
			};
			name = Debug;
		};
		8450B0F72A261D3900273956 /* Release */ = {
			isa = XCBuildConfiguration;
			buildSettings = {
				ALWAYS_SEARCH_USER_PATHS = NO;
				CLANG_ANALYZER_LOCALIZABILITY_NONLOCALIZED = YES;
				CLANG_ANALYZER_NONNULL = YES;
				CLANG_ANALYZER_NUMBER_OBJECT_CONVERSION = YES_AGGRESSIVE;
				CLANG_CXX_LANGUAGE_STANDARD = "gnu++20";
				CLANG_ENABLE_MODULES = YES;
				CLANG_ENABLE_OBJC_ARC = YES;
				CLANG_ENABLE_OBJC_WEAK = YES;
				CLANG_WARN_BLOCK_CAPTURE_AUTORELEASING = YES;
				CLANG_WARN_BOOL_CONVERSION = YES;
				CLANG_WARN_COMMA = YES;
				CLANG_WARN_CONSTANT_CONVERSION = YES;
				CLANG_WARN_DEPRECATED_OBJC_IMPLEMENTATIONS = YES;
				CLANG_WARN_DIRECT_OBJC_ISA_USAGE = YES_ERROR;
				CLANG_WARN_DOCUMENTATION_COMMENTS = YES;
				CLANG_WARN_EMPTY_BODY = YES;
				CLANG_WARN_ENUM_CONVERSION = YES;
				CLANG_WARN_INFINITE_RECURSION = YES;
				CLANG_WARN_INT_CONVERSION = YES;
				CLANG_WARN_NON_LITERAL_NULL_CONVERSION = YES;
				CLANG_WARN_OBJC_IMPLICIT_RETAIN_SELF = YES;
				CLANG_WARN_OBJC_LITERAL_CONVERSION = YES;
				CLANG_WARN_OBJC_ROOT_CLASS = YES_ERROR;
				CLANG_WARN_QUOTED_INCLUDE_IN_FRAMEWORK_HEADER = YES;
				CLANG_WARN_RANGE_LOOP_ANALYSIS = YES;
				CLANG_WARN_STRICT_PROTOTYPES = YES;
				CLANG_WARN_SUSPICIOUS_MOVE = YES;
				CLANG_WARN_UNGUARDED_AVAILABILITY = YES_AGGRESSIVE;
				CLANG_WARN_UNREACHABLE_CODE = YES;
				CLANG_WARN__DUPLICATE_METHOD_MATCH = YES;
				COPY_PHASE_STRIP = NO;
				DEBUG_INFORMATION_FORMAT = "dwarf-with-dsym";
				ENABLE_NS_ASSERTIONS = NO;
				ENABLE_STRICT_OBJC_MSGSEND = YES;
				GCC_C_LANGUAGE_STANDARD = gnu11;
				GCC_NO_COMMON_BLOCKS = YES;
				GCC_WARN_64_TO_32_BIT_CONVERSION = YES;
				GCC_WARN_ABOUT_RETURN_TYPE = YES_ERROR;
				GCC_WARN_UNDECLARED_SELECTOR = YES;
				GCC_WARN_UNINITIALIZED_AUTOS = YES_AGGRESSIVE;
				GCC_WARN_UNUSED_FUNCTION = YES;
				GCC_WARN_UNUSED_VARIABLE = YES;
				IPHONEOS_DEPLOYMENT_TARGET = 16.2;
				MTL_ENABLE_DEBUG_INFO = NO;
				MTL_FAST_MATH = YES;
				SDKROOT = iphoneos;
				SWIFT_COMPILATION_MODE = wholemodule;
				SWIFT_OPTIMIZATION_LEVEL = "-O";
				VALIDATE_PRODUCT = YES;
			};
			name = Release;
		};
		8450B0F92A261D3900273956 /* Debug */ = {
			isa = XCBuildConfiguration;
			baseConfigurationReference = D20131A7CFB6268DD0D74159 /* Pods-Food-delivery-app.debug.xcconfig */;
			buildSettings = {
				ASSETCATALOG_COMPILER_APPICON_NAME = AppIcon;
				ASSETCATALOG_COMPILER_GLOBAL_ACCENT_COLOR_NAME = AccentColor;
				CODE_SIGN_STYLE = Automatic;
				CURRENT_PROJECT_VERSION = 1;
				DEVELOPMENT_TEAM = 8F9BJF9KQ5;
				GENERATE_INFOPLIST_FILE = YES;
				INFOPLIST_FILE = "Food-delivery-app/Info.plist";
				INFOPLIST_KEY_UIApplicationSupportsIndirectInputEvents = YES;
				INFOPLIST_KEY_UILaunchStoryboardName = LaunchScreen;
				INFOPLIST_KEY_UISupportedInterfaceOrientations_iPad = "UIInterfaceOrientationPortrait UIInterfaceOrientationPortraitUpsideDown UIInterfaceOrientationLandscapeLeft UIInterfaceOrientationLandscapeRight";
				INFOPLIST_KEY_UISupportedInterfaceOrientations_iPhone = "UIInterfaceOrientationPortrait UIInterfaceOrientationLandscapeLeft UIInterfaceOrientationLandscapeRight";
				IPHONEOS_DEPLOYMENT_TARGET = 13.0;
				LD_RUNPATH_SEARCH_PATHS = (
					"$(inherited)",
					"@executable_path/Frameworks",
				);
				MARKETING_VERSION = 1.0;
				PRODUCT_BUNDLE_IDENTIFIER = "foolery.Food-delivery-app";
				PRODUCT_NAME = "$(TARGET_NAME)";
				SWIFT_EMIT_LOC_STRINGS = YES;
				SWIFT_VERSION = 5.0;
				TARGETED_DEVICE_FAMILY = "1,2";
			};
			name = Debug;
		};
		8450B0FA2A261D3900273956 /* Release */ = {
			isa = XCBuildConfiguration;
			baseConfigurationReference = 2916D94060C792408DA7053A /* Pods-Food-delivery-app.release.xcconfig */;
			buildSettings = {
				ASSETCATALOG_COMPILER_APPICON_NAME = AppIcon;
				ASSETCATALOG_COMPILER_GLOBAL_ACCENT_COLOR_NAME = AccentColor;
				CODE_SIGN_STYLE = Automatic;
				CURRENT_PROJECT_VERSION = 1;
				DEVELOPMENT_TEAM = 8F9BJF9KQ5;
				GENERATE_INFOPLIST_FILE = YES;
				INFOPLIST_FILE = "Food-delivery-app/Info.plist";
				INFOPLIST_KEY_UIApplicationSupportsIndirectInputEvents = YES;
				INFOPLIST_KEY_UILaunchStoryboardName = LaunchScreen;
				INFOPLIST_KEY_UISupportedInterfaceOrientations_iPad = "UIInterfaceOrientationPortrait UIInterfaceOrientationPortraitUpsideDown UIInterfaceOrientationLandscapeLeft UIInterfaceOrientationLandscapeRight";
				INFOPLIST_KEY_UISupportedInterfaceOrientations_iPhone = "UIInterfaceOrientationPortrait UIInterfaceOrientationLandscapeLeft UIInterfaceOrientationLandscapeRight";
				IPHONEOS_DEPLOYMENT_TARGET = 13.0;
				LD_RUNPATH_SEARCH_PATHS = (
					"$(inherited)",
					"@executable_path/Frameworks",
				);
				MARKETING_VERSION = 1.0;
				PRODUCT_BUNDLE_IDENTIFIER = "foolery.Food-delivery-app";
				PRODUCT_NAME = "$(TARGET_NAME)";
				SWIFT_EMIT_LOC_STRINGS = YES;
				SWIFT_VERSION = 5.0;
				TARGETED_DEVICE_FAMILY = "1,2";
			};
			name = Release;
		};
/* End XCBuildConfiguration section */

/* Begin XCConfigurationList section */
		8450B0DF2A261D3800273956 /* Build configuration list for PBXProject "Food-delivery-app" */ = {
			isa = XCConfigurationList;
			buildConfigurations = (
				8450B0F62A261D3900273956 /* Debug */,
				8450B0F72A261D3900273956 /* Release */,
			);
			defaultConfigurationIsVisible = 0;
			defaultConfigurationName = Release;
		};
		8450B0F82A261D3900273956 /* Build configuration list for PBXNativeTarget "Food-delivery-app" */ = {
			isa = XCConfigurationList;
			buildConfigurations = (
				8450B0F92A261D3900273956 /* Debug */,
				8450B0FA2A261D3900273956 /* Release */,
			);
			defaultConfigurationIsVisible = 0;
			defaultConfigurationName = Release;
		};
/* End XCConfigurationList section */
	};
	rootObject = 8450B0DC2A261D3800273956 /* Project object */;
}
