// !$*UTF8*$!
{
	archiveVersion = 1;
	classes = {
	};
	objectVersion = 56;
	objects = {

/* Begin PBXBuildFile section */
		30C358F2099F948EFD15E07D /* Pods_Food_delivery_app.framework in Frameworks */ = {isa = PBXBuildFile; fileRef = 90547262CA91D58CC5C7B2DC /* Pods_Food_delivery_app.framework */; };
		84283B6E2A2C7E3900CA911D /* MainViewModel.swift in Sources */ = {isa = PBXBuildFile; fileRef = 84283B6D2A2C7E3900CA911D /* MainViewModel.swift */; };
		84283B702A2C7E6F00CA911D /* ScheduleViewController.swift in Sources */ = {isa = PBXBuildFile; fileRef = 84283B6F2A2C7E6F00CA911D /* ScheduleViewController.swift */; };
		84283B722A2C7EAD00CA911D /* MainScreenComponent.swift in Sources */ = {isa = PBXBuildFile; fileRef = 84283B712A2C7EAC00CA911D /* MainScreenComponent.swift */; };
		84283B752A2C810900CA911D /* R.generated.swift in Sources */ = {isa = PBXBuildFile; fileRef = 84283B742A2C810900CA911D /* R.generated.swift */; };
		84283B772A2C86DF00CA911D /* MainCoordinator.swift in Sources */ = {isa = PBXBuildFile; fileRef = 84283B762A2C86DF00CA911D /* MainCoordinator.swift */; };
		84283B7D2A2C911F00CA911D /* NoteView.swift in Sources */ = {isa = PBXBuildFile; fileRef = 84283B7C2A2C911F00CA911D /* NoteView.swift */; };
		84283B812A2C969700CA911D /* RedHatDisplay-Bold.ttf in Resources */ = {isa = PBXBuildFile; fileRef = 84283B802A2C969700CA911D /* RedHatDisplay-Bold.ttf */; };
		84283B852A2C96B500CA911D /* RedHatDisplay-Regular.ttf in Resources */ = {isa = PBXBuildFile; fileRef = 84283B822A2C96B500CA911D /* RedHatDisplay-Regular.ttf */; };
		84283B862A2C96B500CA911D /* RedHatDisplay-Black.ttf in Resources */ = {isa = PBXBuildFile; fileRef = 84283B832A2C96B500CA911D /* RedHatDisplay-Black.ttf */; };
		84283B872A2C96B500CA911D /* RedHatDisplay-Medium.ttf in Resources */ = {isa = PBXBuildFile; fileRef = 84283B842A2C96B500CA911D /* RedHatDisplay-Medium.ttf */; };
		84283B892A2C979600CA911D /* RedHatDisplay-SemiBold.ttf in Resources */ = {isa = PBXBuildFile; fileRef = 84283B882A2C979600CA911D /* RedHatDisplay-SemiBold.ttf */; };
		84283B8B2A2CB43500CA911D /* DateView.swift in Sources */ = {isa = PBXBuildFile; fileRef = 84283B8A2A2CB43500CA911D /* DateView.swift */; };
		84283B8E2A2CBB6200CA911D /* DateLineStackView.swift in Sources */ = {isa = PBXBuildFile; fileRef = 84283B8D2A2CBB6200CA911D /* DateLineStackView.swift */; };
		8450B0E82A261D3800273956 /* AppDelegate.swift in Sources */ = {isa = PBXBuildFile; fileRef = 8450B0E72A261D3800273956 /* AppDelegate.swift */; };
		8450B0EA2A261D3800273956 /* SceneDelegate.swift in Sources */ = {isa = PBXBuildFile; fileRef = 8450B0E92A261D3800273956 /* SceneDelegate.swift */; };
		8450B0EC2A261D3800273956 /* LoginViewController.swift in Sources */ = {isa = PBXBuildFile; fileRef = 8450B0EB2A261D3800273956 /* LoginViewController.swift */; };
		8450B0F12A261D3900273956 /* Assets.xcassets in Resources */ = {isa = PBXBuildFile; fileRef = 8450B0F02A261D3900273956 /* Assets.xcassets */; };
		8450B0F42A261D3900273956 /* LaunchScreen.storyboard in Resources */ = {isa = PBXBuildFile; fileRef = 8450B0F22A261D3900273956 /* LaunchScreen.storyboard */; };
		8450B0FE2A261DA700273956 /* CoordinatorProtocol.swift in Sources */ = {isa = PBXBuildFile; fileRef = 8450B0FD2A261DA700273956 /* CoordinatorProtocol.swift */; };
		8450B1002A261DBF00273956 /* AppCoordinator.swift in Sources */ = {isa = PBXBuildFile; fileRef = 8450B0FF2A261DBF00273956 /* AppCoordinator.swift */; };
		8450B1032A261E5B00273956 /* CoordinatorFactory.swift in Sources */ = {isa = PBXBuildFile; fileRef = 8450B1022A261E5B00273956 /* CoordinatorFactory.swift */; };
		8450B1052A261FA900273956 /* AuthCoordinator.swift in Sources */ = {isa = PBXBuildFile; fileRef = 8450B1042A261FA900273956 /* AuthCoordinator.swift */; };
		8450B10C2A2620B000273956 /* LoginViewModel.swift in Sources */ = {isa = PBXBuildFile; fileRef = 8450B10B2A2620B000273956 /* LoginViewModel.swift */; };
		8452AEEF2A266B9900BCC43B /* ComponentFactory.swift in Sources */ = {isa = PBXBuildFile; fileRef = 8452AEEE2A266B9900BCC43B /* ComponentFactory.swift */; };
		8452AEF12A266BB400BCC43B /* MainComponent.swift in Sources */ = {isa = PBXBuildFile; fileRef = 8452AEF02A266BB400BCC43B /* MainComponent.swift */; };
		8452AEF42A266C0100BCC43B /* LoginComponent.swift in Sources */ = {isa = PBXBuildFile; fileRef = 8452AEF32A266C0100BCC43B /* LoginComponent.swift */; };
		8452AEF62A266C8B00BCC43B /* NeedleGenerated.swift in Sources */ = {isa = PBXBuildFile; fileRef = 8452AEF52A266C8B00BCC43B /* NeedleGenerated.swift */; };
		84848CFB2A2E41A000F36586 /* GetDaysOfWeekForDateUseCase.swift in Sources */ = {isa = PBXBuildFile; fileRef = 84848CFA2A2E41A000F36586 /* GetDaysOfWeekForDateUseCase.swift */; };
		84848CFE2A2E421300F36586 /* GetWeekdayIndexForDateUseCase.swift in Sources */ = {isa = PBXBuildFile; fileRef = 84848CFD2A2E421300F36586 /* GetWeekdayIndexForDateUseCase.swift */; };
		84848D002A2E427E00F36586 /* GetDayOfWeekByDateUseCase.swift in Sources */ = {isa = PBXBuildFile; fileRef = 84848CFF2A2E427E00F36586 /* GetDayOfWeekByDateUseCase.swift */; };
		84848D022A2E430B00F36586 /* GetDayOfMonthByDateUseCase.swift in Sources */ = {isa = PBXBuildFile; fileRef = 84848D012A2E430B00F36586 /* GetDayOfMonthByDateUseCase.swift */; };
		84848D042A2E492F00F36586 /* GetDateWithOffsetUseCase.swift in Sources */ = {isa = PBXBuildFile; fileRef = 84848D032A2E492F00F36586 /* GetDateWithOffsetUseCase.swift */; };
		84C975D62A333F3500BF489B /* MainViewController.swift in Sources */ = {isa = PBXBuildFile; fileRef = 84C975D52A333F3500BF489B /* MainViewController.swift */; };
		84C975D82A3362D900BF489B /* NoteModel.swift in Sources */ = {isa = PBXBuildFile; fileRef = 84C975D72A3362D900BF489B /* NoteModel.swift */; };
		84D9374B2A323AC400CC1A36 /* MainPageViewController.swift in Sources */ = {isa = PBXBuildFile; fileRef = 84D9374A2A323AC400CC1A36 /* MainPageViewController.swift */; };
		84D9D40C2A35DB7D00A8D333 /* MainTabBarCoordinator.swift in Sources */ = {isa = PBXBuildFile; fileRef = 84D9D40B2A35DB7D00A8D333 /* MainTabBarCoordinator.swift */; };
		84D9D40F2A35DC1200A8D333 /* MainTabBarController.swift in Sources */ = {isa = PBXBuildFile; fileRef = 84D9D40E2A35DC1200A8D333 /* MainTabBarController.swift */; };
		84DC7FA92A2F2827000F6169 /* IsTodayUseCase.swift in Sources */ = {isa = PBXBuildFile; fileRef = 84DC7FA82A2F2827000F6169 /* IsTodayUseCase.swift */; };
/* End PBXBuildFile section */

/* Begin PBXFileReference section */
		2916D94060C792408DA7053A /* Pods-Food-delivery-app.release.xcconfig */ = {isa = PBXFileReference; includeInIndex = 1; lastKnownFileType = text.xcconfig; name = "Pods-Food-delivery-app.release.xcconfig"; path = "Target Support Files/Pods-Food-delivery-app/Pods-Food-delivery-app.release.xcconfig"; sourceTree = "<group>"; };
		84283B6D2A2C7E3900CA911D /* MainViewModel.swift */ = {isa = PBXFileReference; lastKnownFileType = sourcecode.swift; path = MainViewModel.swift; sourceTree = "<group>"; };
		84283B6F2A2C7E6F00CA911D /* ScheduleViewController.swift */ = {isa = PBXFileReference; lastKnownFileType = sourcecode.swift; path = ScheduleViewController.swift; sourceTree = "<group>"; };
		84283B712A2C7EAC00CA911D /* MainScreenComponent.swift */ = {isa = PBXFileReference; lastKnownFileType = sourcecode.swift; path = MainScreenComponent.swift; sourceTree = "<group>"; };
		84283B742A2C810900CA911D /* R.generated.swift */ = {isa = PBXFileReference; fileEncoding = 4; lastKnownFileType = sourcecode.swift; path = R.generated.swift; sourceTree = SOURCE_ROOT; };
		84283B762A2C86DF00CA911D /* MainCoordinator.swift */ = {isa = PBXFileReference; lastKnownFileType = sourcecode.swift; path = MainCoordinator.swift; sourceTree = "<group>"; };
		84283B7C2A2C911F00CA911D /* NoteView.swift */ = {isa = PBXFileReference; lastKnownFileType = sourcecode.swift; path = NoteView.swift; sourceTree = "<group>"; };
		84283B802A2C969700CA911D /* RedHatDisplay-Bold.ttf */ = {isa = PBXFileReference; lastKnownFileType = file; path = "RedHatDisplay-Bold.ttf"; sourceTree = "<group>"; };
		84283B822A2C96B500CA911D /* RedHatDisplay-Regular.ttf */ = {isa = PBXFileReference; lastKnownFileType = file; path = "RedHatDisplay-Regular.ttf"; sourceTree = "<group>"; };
		84283B832A2C96B500CA911D /* RedHatDisplay-Black.ttf */ = {isa = PBXFileReference; lastKnownFileType = file; path = "RedHatDisplay-Black.ttf"; sourceTree = "<group>"; };
		84283B842A2C96B500CA911D /* RedHatDisplay-Medium.ttf */ = {isa = PBXFileReference; lastKnownFileType = file; path = "RedHatDisplay-Medium.ttf"; sourceTree = "<group>"; };
		84283B882A2C979600CA911D /* RedHatDisplay-SemiBold.ttf */ = {isa = PBXFileReference; lastKnownFileType = file; path = "RedHatDisplay-SemiBold.ttf"; sourceTree = "<group>"; };
		84283B8A2A2CB43500CA911D /* DateView.swift */ = {isa = PBXFileReference; lastKnownFileType = sourcecode.swift; path = DateView.swift; sourceTree = "<group>"; };
		84283B8D2A2CBB6200CA911D /* DateLineStackView.swift */ = {isa = PBXFileReference; lastKnownFileType = sourcecode.swift; path = DateLineStackView.swift; sourceTree = "<group>"; };
		8450B0E42A261D3800273956 /* Food-delivery-app.app */ = {isa = PBXFileReference; explicitFileType = wrapper.application; includeInIndex = 0; path = "Food-delivery-app.app"; sourceTree = BUILT_PRODUCTS_DIR; };
		8450B0E72A261D3800273956 /* AppDelegate.swift */ = {isa = PBXFileReference; lastKnownFileType = sourcecode.swift; path = AppDelegate.swift; sourceTree = "<group>"; };
		8450B0E92A261D3800273956 /* SceneDelegate.swift */ = {isa = PBXFileReference; lastKnownFileType = sourcecode.swift; path = SceneDelegate.swift; sourceTree = "<group>"; };
		8450B0EB2A261D3800273956 /* LoginViewController.swift */ = {isa = PBXFileReference; lastKnownFileType = sourcecode.swift; path = LoginViewController.swift; sourceTree = "<group>"; };
		8450B0F02A261D3900273956 /* Assets.xcassets */ = {isa = PBXFileReference; lastKnownFileType = folder.assetcatalog; path = Assets.xcassets; sourceTree = "<group>"; };
		8450B0F32A261D3900273956 /* Base */ = {isa = PBXFileReference; lastKnownFileType = file.storyboard; name = Base; path = Base.lproj/LaunchScreen.storyboard; sourceTree = "<group>"; };
		8450B0F52A261D3900273956 /* Info.plist */ = {isa = PBXFileReference; lastKnownFileType = text.plist.xml; path = Info.plist; sourceTree = "<group>"; };
		8450B0FD2A261DA700273956 /* CoordinatorProtocol.swift */ = {isa = PBXFileReference; lastKnownFileType = sourcecode.swift; path = CoordinatorProtocol.swift; sourceTree = "<group>"; };
		8450B0FF2A261DBF00273956 /* AppCoordinator.swift */ = {isa = PBXFileReference; lastKnownFileType = sourcecode.swift; path = AppCoordinator.swift; sourceTree = "<group>"; };
		8450B1022A261E5B00273956 /* CoordinatorFactory.swift */ = {isa = PBXFileReference; lastKnownFileType = sourcecode.swift; path = CoordinatorFactory.swift; sourceTree = "<group>"; };
		8450B1042A261FA900273956 /* AuthCoordinator.swift */ = {isa = PBXFileReference; lastKnownFileType = sourcecode.swift; path = AuthCoordinator.swift; sourceTree = "<group>"; };
		8450B10B2A2620B000273956 /* LoginViewModel.swift */ = {isa = PBXFileReference; lastKnownFileType = sourcecode.swift; path = LoginViewModel.swift; sourceTree = "<group>"; };
		8452AEEE2A266B9900BCC43B /* ComponentFactory.swift */ = {isa = PBXFileReference; lastKnownFileType = sourcecode.swift; path = ComponentFactory.swift; sourceTree = "<group>"; };
		8452AEF02A266BB400BCC43B /* MainComponent.swift */ = {isa = PBXFileReference; lastKnownFileType = sourcecode.swift; path = MainComponent.swift; sourceTree = "<group>"; };
		8452AEF32A266C0100BCC43B /* LoginComponent.swift */ = {isa = PBXFileReference; lastKnownFileType = sourcecode.swift; path = LoginComponent.swift; sourceTree = "<group>"; };
		8452AEF52A266C8B00BCC43B /* NeedleGenerated.swift */ = {isa = PBXFileReference; fileEncoding = 4; lastKnownFileType = sourcecode.swift; path = NeedleGenerated.swift; sourceTree = "<group>"; };
		84848CFA2A2E41A000F36586 /* GetDaysOfWeekForDateUseCase.swift */ = {isa = PBXFileReference; lastKnownFileType = sourcecode.swift; path = GetDaysOfWeekForDateUseCase.swift; sourceTree = "<group>"; };
		84848CFD2A2E421300F36586 /* GetWeekdayIndexForDateUseCase.swift */ = {isa = PBXFileReference; lastKnownFileType = sourcecode.swift; path = GetWeekdayIndexForDateUseCase.swift; sourceTree = "<group>"; };
		84848CFF2A2E427E00F36586 /* GetDayOfWeekByDateUseCase.swift */ = {isa = PBXFileReference; lastKnownFileType = sourcecode.swift; path = GetDayOfWeekByDateUseCase.swift; sourceTree = "<group>"; };
		84848D012A2E430B00F36586 /* GetDayOfMonthByDateUseCase.swift */ = {isa = PBXFileReference; lastKnownFileType = sourcecode.swift; path = GetDayOfMonthByDateUseCase.swift; sourceTree = "<group>"; };
		84848D032A2E492F00F36586 /* GetDateWithOffsetUseCase.swift */ = {isa = PBXFileReference; lastKnownFileType = sourcecode.swift; path = GetDateWithOffsetUseCase.swift; sourceTree = "<group>"; };
		84C975D52A333F3500BF489B /* MainViewController.swift */ = {isa = PBXFileReference; lastKnownFileType = sourcecode.swift; path = MainViewController.swift; sourceTree = "<group>"; };
		84C975D72A3362D900BF489B /* NoteModel.swift */ = {isa = PBXFileReference; lastKnownFileType = sourcecode.swift; path = NoteModel.swift; sourceTree = "<group>"; };
		84D9374A2A323AC400CC1A36 /* MainPageViewController.swift */ = {isa = PBXFileReference; lastKnownFileType = sourcecode.swift; path = MainPageViewController.swift; sourceTree = "<group>"; };
		84D9D40B2A35DB7D00A8D333 /* MainTabBarCoordinator.swift */ = {isa = PBXFileReference; lastKnownFileType = sourcecode.swift; path = MainTabBarCoordinator.swift; sourceTree = "<group>"; };
		84D9D40E2A35DC1200A8D333 /* MainTabBarController.swift */ = {isa = PBXFileReference; lastKnownFileType = sourcecode.swift; path = MainTabBarController.swift; sourceTree = "<group>"; };
		84DC7FA82A2F2827000F6169 /* IsTodayUseCase.swift */ = {isa = PBXFileReference; lastKnownFileType = sourcecode.swift; path = IsTodayUseCase.swift; sourceTree = "<group>"; };
		90547262CA91D58CC5C7B2DC /* Pods_Food_delivery_app.framework */ = {isa = PBXFileReference; explicitFileType = wrapper.framework; includeInIndex = 0; path = Pods_Food_delivery_app.framework; sourceTree = BUILT_PRODUCTS_DIR; };
		D20131A7CFB6268DD0D74159 /* Pods-Food-delivery-app.debug.xcconfig */ = {isa = PBXFileReference; includeInIndex = 1; lastKnownFileType = text.xcconfig; name = "Pods-Food-delivery-app.debug.xcconfig"; path = "Target Support Files/Pods-Food-delivery-app/Pods-Food-delivery-app.debug.xcconfig"; sourceTree = "<group>"; };
/* End PBXFileReference section */

/* Begin PBXFrameworksBuildPhase section */
		8450B0E12A261D3800273956 /* Frameworks */ = {
			isa = PBXFrameworksBuildPhase;
			buildActionMask = 2147483647;
			files = (
				30C358F2099F948EFD15E07D /* Pods_Food_delivery_app.framework in Frameworks */,
			);
			runOnlyForDeploymentPostprocessing = 0;
		};
/* End PBXFrameworksBuildPhase section */

/* Begin PBXGroup section */
		84283B682A2C7E0E00CA911D /* MainScreen */ = {
			isa = PBXGroup;
			children = (
				84D9D40D2A35DC0200A8D333 /* TabBarController */,
				84848CF92A2E417C00F36586 /* Model */,
				84283B6C2A2C7E2400CA911D /* View */,
				84283B6B2A2C7E1F00CA911D /* Component */,
				84283B6A2A2C7E1A00CA911D /* ViewModel */,
				84283B692A2C7E1500CA911D /* ViewController */,
			);
			path = MainScreen;
			sourceTree = "<group>";
		};
		84283B692A2C7E1500CA911D /* ViewController */ = {
			isa = PBXGroup;
			children = (
				84D9374A2A323AC400CC1A36 /* MainPageViewController.swift */,
				84C975D42A333F1100BF489B /* StaticPart */,
				84C975D12A333C9600BF489B /* DynamicPart */,
			);
			path = ViewController;
			sourceTree = "<group>";
		};
		84283B6A2A2C7E1A00CA911D /* ViewModel */ = {
			isa = PBXGroup;
			children = (
				84283B6D2A2C7E3900CA911D /* MainViewModel.swift */,
			);
			path = ViewModel;
			sourceTree = "<group>";
		};
		84283B6B2A2C7E1F00CA911D /* Component */ = {
			isa = PBXGroup;
			children = (
				84283B712A2C7EAC00CA911D /* MainScreenComponent.swift */,
			);
			path = Component;
			sourceTree = "<group>";
		};
		84283B6C2A2C7E2400CA911D /* View */ = {
			isa = PBXGroup;
			children = (
				84283B8C2A2CBB1D00CA911D /* DateLineView */,
				84283B7C2A2C911F00CA911D /* NoteView.swift */,
			);
			path = View;
			sourceTree = "<group>";
		};
		84283B7E2A2C967700CA911D /* Resources */ = {
			isa = PBXGroup;
			children = (
				84283B7F2A2C967D00CA911D /* Fonts */,
			);
			path = Resources;
			sourceTree = "<group>";
		};
		84283B7F2A2C967D00CA911D /* Fonts */ = {
			isa = PBXGroup;
			children = (
				84283B802A2C969700CA911D /* RedHatDisplay-Bold.ttf */,
				84283B832A2C96B500CA911D /* RedHatDisplay-Black.ttf */,
				84283B842A2C96B500CA911D /* RedHatDisplay-Medium.ttf */,
				84283B822A2C96B500CA911D /* RedHatDisplay-Regular.ttf */,
				84283B882A2C979600CA911D /* RedHatDisplay-SemiBold.ttf */,
			);
			path = Fonts;
			sourceTree = "<group>";
		};
		84283B8C2A2CBB1D00CA911D /* DateLineView */ = {
			isa = PBXGroup;
			children = (
				84283B8A2A2CB43500CA911D /* DateView.swift */,
				84283B8D2A2CBB6200CA911D /* DateLineStackView.swift */,
			);
			path = DateLineView;
			sourceTree = "<group>";
		};
		8450B0DB2A261D3800273956 = {
			isa = PBXGroup;
			children = (
				8450B0E62A261D3800273956 /* Food-delivery-app */,
				8450B0E52A261D3800273956 /* Products */,
				FE5A7094C33A10F323FFBBE2 /* Pods */,
				EB24E7CE34D37F7C2243D940 /* Frameworks */,
			);
			sourceTree = "<group>";
		};
		8450B0E52A261D3800273956 /* Products */ = {
			isa = PBXGroup;
			children = (
				8450B0E42A261D3800273956 /* Food-delivery-app.app */,
			);
			name = Products;
			sourceTree = "<group>";
		};
		8450B0E62A261D3800273956 /* Food-delivery-app */ = {
			isa = PBXGroup;
			children = (
				84283B7E2A2C967700CA911D /* Resources */,
				8450B1062A261FCC00273956 /* Presentation */,
				8450B1012A261E4C00273956 /* Factories */,
				8450B0FB2A261D8E00273956 /* Coordinator */,
				8450B0E72A261D3800273956 /* AppDelegate.swift */,
				8450B0E92A261D3800273956 /* SceneDelegate.swift */,
				8450B0F02A261D3900273956 /* Assets.xcassets */,
				8450B0F22A261D3900273956 /* LaunchScreen.storyboard */,
				8450B0F52A261D3900273956 /* Info.plist */,
				8452AEF02A266BB400BCC43B /* MainComponent.swift */,
				84283B742A2C810900CA911D /* R.generated.swift */,
				8452AEF52A266C8B00BCC43B /* NeedleGenerated.swift */,
			);
			path = "Food-delivery-app";
			sourceTree = "<group>";
		};
		8450B0FB2A261D8E00273956 /* Coordinator */ = {
			isa = PBXGroup;
			children = (
				8450B0FC2A261D9600273956 /* Protocols */,
				8450B0FF2A261DBF00273956 /* AppCoordinator.swift */,
				8450B1042A261FA900273956 /* AuthCoordinator.swift */,
				84283B762A2C86DF00CA911D /* MainCoordinator.swift */,
				84D9D40B2A35DB7D00A8D333 /* MainTabBarCoordinator.swift */,
			);
			path = Coordinator;
			sourceTree = "<group>";
		};
		8450B0FC2A261D9600273956 /* Protocols */ = {
			isa = PBXGroup;
			children = (
				8450B0FD2A261DA700273956 /* CoordinatorProtocol.swift */,
			);
			path = Protocols;
			sourceTree = "<group>";
		};
		8450B1012A261E4C00273956 /* Factories */ = {
			isa = PBXGroup;
			children = (
				8450B1022A261E5B00273956 /* CoordinatorFactory.swift */,
				8452AEEE2A266B9900BCC43B /* ComponentFactory.swift */,
			);
			path = Factories;
			sourceTree = "<group>";
		};
		8450B1062A261FCC00273956 /* Presentation */ = {
			isa = PBXGroup;
			children = (
				84283B682A2C7E0E00CA911D /* MainScreen */,
				8450B1082A261FE100273956 /* LoginScreen */,
			);
			path = Presentation;
			sourceTree = "<group>";
		};
		8450B1082A261FE100273956 /* LoginScreen */ = {
			isa = PBXGroup;
			children = (
				8452AEF22A266BF800BCC43B /* Component */,
				8450B10A2A2620A500273956 /* ViewModel */,
				8450B1092A261FF200273956 /* ViewController */,
			);
			path = LoginScreen;
			sourceTree = "<group>";
		};
		8450B1092A261FF200273956 /* ViewController */ = {
			isa = PBXGroup;
			children = (
				8450B0EB2A261D3800273956 /* LoginViewController.swift */,
			);
			path = ViewController;
			sourceTree = "<group>";
		};
		8450B10A2A2620A500273956 /* ViewModel */ = {
			isa = PBXGroup;
			children = (
				8450B10B2A2620B000273956 /* LoginViewModel.swift */,
			);
			path = ViewModel;
			sourceTree = "<group>";
		};
		8452AEF22A266BF800BCC43B /* Component */ = {
			isa = PBXGroup;
			children = (
				8452AEF32A266C0100BCC43B /* LoginComponent.swift */,
			);
			path = Component;
			sourceTree = "<group>";
		};
		84848CF92A2E417C00F36586 /* Model */ = {
			isa = PBXGroup;
			children = (
				84848CFC2A2E420100F36586 /* UseCase */,
				84C975D72A3362D900BF489B /* NoteModel.swift */,
			);
			path = Model;
			sourceTree = "<group>";
		};
		84848CFC2A2E420100F36586 /* UseCase */ = {
			isa = PBXGroup;
			children = (
				84848CFA2A2E41A000F36586 /* GetDaysOfWeekForDateUseCase.swift */,
				84848CFD2A2E421300F36586 /* GetWeekdayIndexForDateUseCase.swift */,
				84848CFF2A2E427E00F36586 /* GetDayOfWeekByDateUseCase.swift */,
				84848D012A2E430B00F36586 /* GetDayOfMonthByDateUseCase.swift */,
				84848D032A2E492F00F36586 /* GetDateWithOffsetUseCase.swift */,
				84DC7FA82A2F2827000F6169 /* IsTodayUseCase.swift */,
			);
			path = UseCase;
			sourceTree = "<group>";
		};
		84C975D12A333C9600BF489B /* DynamicPart */ = {
			isa = PBXGroup;
			children = (
				84283B6F2A2C7E6F00CA911D /* ScheduleViewController.swift */,
			);
			path = DynamicPart;
			sourceTree = "<group>";
		};
		84C975D42A333F1100BF489B /* StaticPart */ = {
			isa = PBXGroup;
			children = (
				84C975D52A333F3500BF489B /* MainViewController.swift */,
			);
			path = StaticPart;
			sourceTree = "<group>";
		};
		84D9D40D2A35DC0200A8D333 /* TabBarController */ = {
			isa = PBXGroup;
			children = (
				84D9D40E2A35DC1200A8D333 /* MainTabBarController.swift */,
			);
			path = TabBarController;
			sourceTree = "<group>";
		};
		EB24E7CE34D37F7C2243D940 /* Frameworks */ = {
			isa = PBXGroup;
			children = (
				90547262CA91D58CC5C7B2DC /* Pods_Food_delivery_app.framework */,
			);
			name = Frameworks;
			sourceTree = "<group>";
		};
		FE5A7094C33A10F323FFBBE2 /* Pods */ = {
			isa = PBXGroup;
			children = (
				D20131A7CFB6268DD0D74159 /* Pods-Food-delivery-app.debug.xcconfig */,
				2916D94060C792408DA7053A /* Pods-Food-delivery-app.release.xcconfig */,
			);
			path = Pods;
			sourceTree = "<group>";
		};
/* End PBXGroup section */

/* Begin PBXNativeTarget section */
		8450B0E32A261D3800273956 /* Food-delivery-app */ = {
			isa = PBXNativeTarget;
			buildConfigurationList = 8450B0F82A261D3900273956 /* Build configuration list for PBXNativeTarget "Food-delivery-app" */;
			buildPhases = (
				914970DFBB39B111B7F811DB /* [CP] Check Pods Manifest.lock */,
				84283B732A2C807000CA911D /* R.swift */,
				84D5A7B62A26698F00DC8551 /* Needle */,
				8450B0E02A261D3800273956 /* Sources */,
				8450B0E12A261D3800273956 /* Frameworks */,
				8450B0E22A261D3800273956 /* Resources */,
				9A0F940C64D73817E8BF701D /* [CP] Embed Pods Frameworks */,
			);
			buildRules = (
			);
			dependencies = (
			);
			name = "Food-delivery-app";
			productName = "Food-delivery-app";
			productReference = 8450B0E42A261D3800273956 /* Food-delivery-app.app */;
			productType = "com.apple.product-type.application";
		};
/* End PBXNativeTarget section */

/* Begin PBXProject section */
		8450B0DC2A261D3800273956 /* Project object */ = {
			isa = PBXProject;
			attributes = {
				BuildIndependentTargetsInParallel = 1;
				LastSwiftUpdateCheck = 1420;
				LastUpgradeCheck = 1420;
				TargetAttributes = {
					8450B0E32A261D3800273956 = {
						CreatedOnToolsVersion = 14.2;
					};
				};
			};
			buildConfigurationList = 8450B0DF2A261D3800273956 /* Build configuration list for PBXProject "Food-delivery-app" */;
			compatibilityVersion = "Xcode 14.0";
			developmentRegion = en;
			hasScannedForEncodings = 0;
			knownRegions = (
				en,
				Base,
			);
			mainGroup = 8450B0DB2A261D3800273956;
			productRefGroup = 8450B0E52A261D3800273956 /* Products */;
			projectDirPath = "";
			projectRoot = "";
			targets = (
				8450B0E32A261D3800273956 /* Food-delivery-app */,
			);
		};
/* End PBXProject section */

/* Begin PBXResourcesBuildPhase section */
		8450B0E22A261D3800273956 /* Resources */ = {
			isa = PBXResourcesBuildPhase;
			buildActionMask = 2147483647;
			files = (
				8450B0F42A261D3900273956 /* LaunchScreen.storyboard in Resources */,
				84283B862A2C96B500CA911D /* RedHatDisplay-Black.ttf in Resources */,
				84283B872A2C96B500CA911D /* RedHatDisplay-Medium.ttf in Resources */,
				84283B812A2C969700CA911D /* RedHatDisplay-Bold.ttf in Resources */,
				84283B852A2C96B500CA911D /* RedHatDisplay-Regular.ttf in Resources */,
				8450B0F12A261D3900273956 /* Assets.xcassets in Resources */,
				84283B892A2C979600CA911D /* RedHatDisplay-SemiBold.ttf in Resources */,
			);
			runOnlyForDeploymentPostprocessing = 0;
		};
/* End PBXResourcesBuildPhase section */

/* Begin PBXShellScriptBuildPhase section */
		84283B732A2C807000CA911D /* R.swift */ = {
			isa = PBXShellScriptBuildPhase;
			alwaysOutOfDate = 1;
			buildActionMask = 2147483647;
			files = (
			);
			inputFileListPaths = (
			);
			inputPaths = (
			);
			name = R.swift;
			outputFileListPaths = (
			);
			outputPaths = (
				$SRCROOT/R.generated.swift,
			);
			runOnlyForDeploymentPostprocessing = 0;
			shellPath = /bin/sh;
			shellScript = "\"$PODS_ROOT/R.swift/rswift\" generate \"$SRCROOT/R.generated.swift\"\n";
		};
		84D5A7B62A26698F00DC8551 /* Needle */ = {
			isa = PBXShellScriptBuildPhase;
			alwaysOutOfDate = 1;
			buildActionMask = 2147483647;
			files = (
			);
			inputFileListPaths = (
			);
			inputPaths = (
			);
			name = Needle;
			outputFileListPaths = (
			);
			outputPaths = (
			);
			runOnlyForDeploymentPostprocessing = 0;
			shellPath = /bin/sh;
			shellScript = "export PATH=\"$PATH:/opt/homebrew/bin\"\n\nif which needle; then\n    SOURCEKIT_LOGGING=0 && needle generate Food-delivery-app/NeedleGenerated.swift Food-delivery-app/\nelse\n  echo \"warning: Needle not installed, download from https://github.com/uber/needle using Homebrew\"\nfi\n\n";
		};
		914970DFBB39B111B7F811DB /* [CP] Check Pods Manifest.lock */ = {
			isa = PBXShellScriptBuildPhase;
			buildActionMask = 2147483647;
			files = (
			);
			inputFileListPaths = (
			);
			inputPaths = (
				"${PODS_PODFILE_DIR_PATH}/Podfile.lock",
				"${PODS_ROOT}/Manifest.lock",
			);
			name = "[CP] Check Pods Manifest.lock";
			outputFileListPaths = (
			);
			outputPaths = (
				"$(DERIVED_FILE_DIR)/Pods-Food-delivery-app-checkManifestLockResult.txt",
			);
			runOnlyForDeploymentPostprocessing = 0;
			shellPath = /bin/sh;
			shellScript = "diff \"${PODS_PODFILE_DIR_PATH}/Podfile.lock\" \"${PODS_ROOT}/Manifest.lock\" > /dev/null\nif [ $? != 0 ] ; then\n    # print error to STDERR\n    echo \"error: The sandbox is not in sync with the Podfile.lock. Run 'pod install' or update your CocoaPods installation.\" >&2\n    exit 1\nfi\n# This output is used by Xcode 'outputs' to avoid re-running this script phase.\necho \"SUCCESS\" > \"${SCRIPT_OUTPUT_FILE_0}\"\n";
			showEnvVarsInLog = 0;
		};
		9A0F940C64D73817E8BF701D /* [CP] Embed Pods Frameworks */ = {
			isa = PBXShellScriptBuildPhase;
			buildActionMask = 2147483647;
			files = (
			);
			inputFileListPaths = (
				"${PODS_ROOT}/Target Support Files/Pods-Food-delivery-app/Pods-Food-delivery-app-frameworks-${CONFIGURATION}-input-files.xcfilelist",
			);
			name = "[CP] Embed Pods Frameworks";
			outputFileListPaths = (
				"${PODS_ROOT}/Target Support Files/Pods-Food-delivery-app/Pods-Food-delivery-app-frameworks-${CONFIGURATION}-output-files.xcfilelist",
			);
			runOnlyForDeploymentPostprocessing = 0;
			shellPath = /bin/sh;
			shellScript = "\"${PODS_ROOT}/Target Support Files/Pods-Food-delivery-app/Pods-Food-delivery-app-frameworks.sh\"\n";
			showEnvVarsInLog = 0;
		};
/* End PBXShellScriptBuildPhase section */

/* Begin PBXSourcesBuildPhase section */
		8450B0E02A261D3800273956 /* Sources */ = {
			isa = PBXSourcesBuildPhase;
			buildActionMask = 2147483647;
			files = (
				84283B772A2C86DF00CA911D /* MainCoordinator.swift in Sources */,
				8450B0EC2A261D3800273956 /* LoginViewController.swift in Sources */,
				8450B0E82A261D3800273956 /* AppDelegate.swift in Sources */,
				8450B1002A261DBF00273956 /* AppCoordinator.swift in Sources */,
				8450B1032A261E5B00273956 /* CoordinatorFactory.swift in Sources */,
				8450B10C2A2620B000273956 /* LoginViewModel.swift in Sources */,
				84C975D62A333F3500BF489B /* MainViewController.swift in Sources */,
				84283B722A2C7EAD00CA911D /* MainScreenComponent.swift in Sources */,
				84D9374B2A323AC400CC1A36 /* MainPageViewController.swift in Sources */,
				84848CFE2A2E421300F36586 /* GetWeekdayIndexForDateUseCase.swift in Sources */,
				84283B6E2A2C7E3900CA911D /* MainViewModel.swift in Sources */,
				8452AEF42A266C0100BCC43B /* LoginComponent.swift in Sources */,
				84848D002A2E427E00F36586 /* GetDayOfWeekByDateUseCase.swift in Sources */,
				84283B8B2A2CB43500CA911D /* DateView.swift in Sources */,
				84283B702A2C7E6F00CA911D /* ScheduleViewController.swift in Sources */,
				84D9D40C2A35DB7D00A8D333 /* MainTabBarCoordinator.swift in Sources */,
				8450B1052A261FA900273956 /* AuthCoordinator.swift in Sources */,
				84283B7D2A2C911F00CA911D /* NoteView.swift in Sources */,
				84283B8E2A2CBB6200CA911D /* DateLineStackView.swift in Sources */,
				84DC7FA92A2F2827000F6169 /* IsTodayUseCase.swift in Sources */,
				8450B0FE2A261DA700273956 /* CoordinatorProtocol.swift in Sources */,
				84848D022A2E430B00F36586 /* GetDayOfMonthByDateUseCase.swift in Sources */,
				84283B752A2C810900CA911D /* R.generated.swift in Sources */,
				8452AEF62A266C8B00BCC43B /* NeedleGenerated.swift in Sources */,
				8452AEEF2A266B9900BCC43B /* ComponentFactory.swift in Sources */,
				84C975D82A3362D900BF489B /* NoteModel.swift in Sources */,
				8452AEF12A266BB400BCC43B /* MainComponent.swift in Sources */,
				84848D042A2E492F00F36586 /* GetDateWithOffsetUseCase.swift in Sources */,
				84D9D40F2A35DC1200A8D333 /* MainTabBarController.swift in Sources */,
				84848CFB2A2E41A000F36586 /* GetDaysOfWeekForDateUseCase.swift in Sources */,
				8450B0EA2A261D3800273956 /* SceneDelegate.swift in Sources */,
			);
			runOnlyForDeploymentPostprocessing = 0;
		};
/* End PBXSourcesBuildPhase section */

/* Begin PBXVariantGroup section */
		8450B0F22A261D3900273956 /* LaunchScreen.storyboard */ = {
			isa = PBXVariantGroup;
			children = (
				8450B0F32A261D3900273956 /* Base */,
			);
			name = LaunchScreen.storyboard;
			sourceTree = "<group>";
		};
/* End PBXVariantGroup section */

/* Begin XCBuildConfiguration section */
		8450B0F62A261D3900273956 /* Debug */ = {
			isa = XCBuildConfiguration;
			buildSettings = {
				ALWAYS_SEARCH_USER_PATHS = NO;
				CLANG_ANALYZER_NONNULL = YES;
				CLANG_ANALYZER_NUMBER_OBJECT_CONVERSION = YES_AGGRESSIVE;
				CLANG_CXX_LANGUAGE_STANDARD = "gnu++20";
				CLANG_ENABLE_MODULES = YES;
				CLANG_ENABLE_OBJC_ARC = YES;
				CLANG_ENABLE_OBJC_WEAK = YES;
				CLANG_WARN_BLOCK_CAPTURE_AUTORELEASING = YES;
				CLANG_WARN_BOOL_CONVERSION = YES;
				CLANG_WARN_COMMA = YES;
				CLANG_WARN_CONSTANT_CONVERSION = YES;
				CLANG_WARN_DEPRECATED_OBJC_IMPLEMENTATIONS = YES;
				CLANG_WARN_DIRECT_OBJC_ISA_USAGE = YES_ERROR;
				CLANG_WARN_DOCUMENTATION_COMMENTS = YES;
				CLANG_WARN_EMPTY_BODY = YES;
				CLANG_WARN_ENUM_CONVERSION = YES;
				CLANG_WARN_INFINITE_RECURSION = YES;
				CLANG_WARN_INT_CONVERSION = YES;
				CLANG_WARN_NON_LITERAL_NULL_CONVERSION = YES;
				CLANG_WARN_OBJC_IMPLICIT_RETAIN_SELF = YES;
				CLANG_WARN_OBJC_LITERAL_CONVERSION = YES;
				CLANG_WARN_OBJC_ROOT_CLASS = YES_ERROR;
				CLANG_WARN_QUOTED_INCLUDE_IN_FRAMEWORK_HEADER = YES;
				CLANG_WARN_RANGE_LOOP_ANALYSIS = YES;
				CLANG_WARN_STRICT_PROTOTYPES = YES;
				CLANG_WARN_SUSPICIOUS_MOVE = YES;
				CLANG_WARN_UNGUARDED_AVAILABILITY = YES_AGGRESSIVE;
				CLANG_WARN_UNREACHABLE_CODE = YES;
				CLANG_WARN__DUPLICATE_METHOD_MATCH = YES;
				COPY_PHASE_STRIP = NO;
				DEBUG_INFORMATION_FORMAT = dwarf;
				ENABLE_STRICT_OBJC_MSGSEND = YES;
				ENABLE_TESTABILITY = YES;
				GCC_C_LANGUAGE_STANDARD = gnu11;
				GCC_DYNAMIC_NO_PIC = NO;
				GCC_NO_COMMON_BLOCKS = YES;
				GCC_OPTIMIZATION_LEVEL = 0;
				GCC_PREPROCESSOR_DEFINITIONS = (
					"DEBUG=1",
					"$(inherited)",
				);
				GCC_WARN_64_TO_32_BIT_CONVERSION = YES;
				GCC_WARN_ABOUT_RETURN_TYPE = YES_ERROR;
				GCC_WARN_UNDECLARED_SELECTOR = YES;
				GCC_WARN_UNINITIALIZED_AUTOS = YES_AGGRESSIVE;
				GCC_WARN_UNUSED_FUNCTION = YES;
				GCC_WARN_UNUSED_VARIABLE = YES;
				IPHONEOS_DEPLOYMENT_TARGET = 16.2;
				MTL_ENABLE_DEBUG_INFO = INCLUDE_SOURCE;
				MTL_FAST_MATH = YES;
				ONLY_ACTIVE_ARCH = YES;
				SDKROOT = iphoneos;
				SWIFT_ACTIVE_COMPILATION_CONDITIONS = DEBUG;
				SWIFT_OPTIMIZATION_LEVEL = "-Onone";
			};
			name = Debug;
		};
		8450B0F72A261D3900273956 /* Release */ = {
			isa = XCBuildConfiguration;
			buildSettings = {
				ALWAYS_SEARCH_USER_PATHS = NO;
				CLANG_ANALYZER_NONNULL = YES;
				CLANG_ANALYZER_NUMBER_OBJECT_CONVERSION = YES_AGGRESSIVE;
				CLANG_CXX_LANGUAGE_STANDARD = "gnu++20";
				CLANG_ENABLE_MODULES = YES;
				CLANG_ENABLE_OBJC_ARC = YES;
				CLANG_ENABLE_OBJC_WEAK = YES;
				CLANG_WARN_BLOCK_CAPTURE_AUTORELEASING = YES;
				CLANG_WARN_BOOL_CONVERSION = YES;
				CLANG_WARN_COMMA = YES;
				CLANG_WARN_CONSTANT_CONVERSION = YES;
				CLANG_WARN_DEPRECATED_OBJC_IMPLEMENTATIONS = YES;
				CLANG_WARN_DIRECT_OBJC_ISA_USAGE = YES_ERROR;
				CLANG_WARN_DOCUMENTATION_COMMENTS = YES;
				CLANG_WARN_EMPTY_BODY = YES;
				CLANG_WARN_ENUM_CONVERSION = YES;
				CLANG_WARN_INFINITE_RECURSION = YES;
				CLANG_WARN_INT_CONVERSION = YES;
				CLANG_WARN_NON_LITERAL_NULL_CONVERSION = YES;
				CLANG_WARN_OBJC_IMPLICIT_RETAIN_SELF = YES;
				CLANG_WARN_OBJC_LITERAL_CONVERSION = YES;
				CLANG_WARN_OBJC_ROOT_CLASS = YES_ERROR;
				CLANG_WARN_QUOTED_INCLUDE_IN_FRAMEWORK_HEADER = YES;
				CLANG_WARN_RANGE_LOOP_ANALYSIS = YES;
				CLANG_WARN_STRICT_PROTOTYPES = YES;
				CLANG_WARN_SUSPICIOUS_MOVE = YES;
				CLANG_WARN_UNGUARDED_AVAILABILITY = YES_AGGRESSIVE;
				CLANG_WARN_UNREACHABLE_CODE = YES;
				CLANG_WARN__DUPLICATE_METHOD_MATCH = YES;
				COPY_PHASE_STRIP = NO;
				DEBUG_INFORMATION_FORMAT = "dwarf-with-dsym";
				ENABLE_NS_ASSERTIONS = NO;
				ENABLE_STRICT_OBJC_MSGSEND = YES;
				GCC_C_LANGUAGE_STANDARD = gnu11;
				GCC_NO_COMMON_BLOCKS = YES;
				GCC_WARN_64_TO_32_BIT_CONVERSION = YES;
				GCC_WARN_ABOUT_RETURN_TYPE = YES_ERROR;
				GCC_WARN_UNDECLARED_SELECTOR = YES;
				GCC_WARN_UNINITIALIZED_AUTOS = YES_AGGRESSIVE;
				GCC_WARN_UNUSED_FUNCTION = YES;
				GCC_WARN_UNUSED_VARIABLE = YES;
				IPHONEOS_DEPLOYMENT_TARGET = 16.2;
				MTL_ENABLE_DEBUG_INFO = NO;
				MTL_FAST_MATH = YES;
				SDKROOT = iphoneos;
				SWIFT_COMPILATION_MODE = wholemodule;
				SWIFT_OPTIMIZATION_LEVEL = "-O";
				VALIDATE_PRODUCT = YES;
			};
			name = Release;
		};
		8450B0F92A261D3900273956 /* Debug */ = {
			isa = XCBuildConfiguration;
			baseConfigurationReference = D20131A7CFB6268DD0D74159 /* Pods-Food-delivery-app.debug.xcconfig */;
			buildSettings = {
				ASSETCATALOG_COMPILER_APPICON_NAME = AppIcon;
				ASSETCATALOG_COMPILER_GLOBAL_ACCENT_COLOR_NAME = AccentColor;
				CODE_SIGN_STYLE = Automatic;
				CURRENT_PROJECT_VERSION = 1;
				DEVELOPMENT_TEAM = H29F6RLPN8;
				GENERATE_INFOPLIST_FILE = YES;
				INFOPLIST_FILE = "Food-delivery-app/Info.plist";
				INFOPLIST_KEY_UIApplicationSupportsIndirectInputEvents = YES;
				INFOPLIST_KEY_UILaunchStoryboardName = LaunchScreen;
				INFOPLIST_KEY_UISupportedInterfaceOrientations_iPad = "UIInterfaceOrientationPortrait UIInterfaceOrientationPortraitUpsideDown UIInterfaceOrientationLandscapeLeft UIInterfaceOrientationLandscapeRight";
				INFOPLIST_KEY_UISupportedInterfaceOrientations_iPhone = "UIInterfaceOrientationPortrait UIInterfaceOrientationLandscapeLeft UIInterfaceOrientationLandscapeRight";
				IPHONEOS_DEPLOYMENT_TARGET = 13.0;
				LD_RUNPATH_SEARCH_PATHS = (
					"$(inherited)",
					"@executable_path/Frameworks",
				);
				MARKETING_VERSION = 1.0;
				PRODUCT_BUNDLE_IDENTIFIER = "foolery.Food-delivery-app";
				PRODUCT_NAME = "$(TARGET_NAME)";
				SWIFT_EMIT_LOC_STRINGS = YES;
				SWIFT_VERSION = 5.0;
				TARGETED_DEVICE_FAMILY = "1,2";
			};
			name = Debug;
		};
		8450B0FA2A261D3900273956 /* Release */ = {
			isa = XCBuildConfiguration;
			baseConfigurationReference = 2916D94060C792408DA7053A /* Pods-Food-delivery-app.release.xcconfig */;
			buildSettings = {
				ASSETCATALOG_COMPILER_APPICON_NAME = AppIcon;
				ASSETCATALOG_COMPILER_GLOBAL_ACCENT_COLOR_NAME = AccentColor;
				CODE_SIGN_STYLE = Automatic;
				CURRENT_PROJECT_VERSION = 1;
				DEVELOPMENT_TEAM = H29F6RLPN8;
				GENERATE_INFOPLIST_FILE = YES;
				INFOPLIST_FILE = "Food-delivery-app/Info.plist";
				INFOPLIST_KEY_UIApplicationSupportsIndirectInputEvents = YES;
				INFOPLIST_KEY_UILaunchStoryboardName = LaunchScreen;
				INFOPLIST_KEY_UISupportedInterfaceOrientations_iPad = "UIInterfaceOrientationPortrait UIInterfaceOrientationPortraitUpsideDown UIInterfaceOrientationLandscapeLeft UIInterfaceOrientationLandscapeRight";
				INFOPLIST_KEY_UISupportedInterfaceOrientations_iPhone = "UIInterfaceOrientationPortrait UIInterfaceOrientationLandscapeLeft UIInterfaceOrientationLandscapeRight";
				IPHONEOS_DEPLOYMENT_TARGET = 13.0;
				LD_RUNPATH_SEARCH_PATHS = (
					"$(inherited)",
					"@executable_path/Frameworks",
				);
				MARKETING_VERSION = 1.0;
				PRODUCT_BUNDLE_IDENTIFIER = "foolery.Food-delivery-app";
				PRODUCT_NAME = "$(TARGET_NAME)";
				SWIFT_EMIT_LOC_STRINGS = YES;
				SWIFT_VERSION = 5.0;
				TARGETED_DEVICE_FAMILY = "1,2";
			};
			name = Release;
		};
/* End XCBuildConfiguration section */

/* Begin XCConfigurationList section */
		8450B0DF2A261D3800273956 /* Build configuration list for PBXProject "Food-delivery-app" */ = {
			isa = XCConfigurationList;
			buildConfigurations = (
				8450B0F62A261D3900273956 /* Debug */,
				8450B0F72A261D3900273956 /* Release */,
			);
			defaultConfigurationIsVisible = 0;
			defaultConfigurationName = Release;
		};
		8450B0F82A261D3900273956 /* Build configuration list for PBXNativeTarget "Food-delivery-app" */ = {
			isa = XCConfigurationList;
			buildConfigurations = (
				8450B0F92A261D3900273956 /* Debug */,
				8450B0FA2A261D3900273956 /* Release */,
			);
			defaultConfigurationIsVisible = 0;
			defaultConfigurationName = Release;
		};
/* End XCConfigurationList section */
	};
	rootObject = 8450B0DC2A261D3800273956 /* Project object */;
}
